
Microsoft Visual Studio Solution File, Format Version 12.00
# Visual Studio 15
VisualStudioVersion = 15.0.26124.0
MinimumVisualStudioVersion = 15.0.26124.0
Project("{2150E333-8FDC-42A3-9474-1A3956D46DE8}") = "src", "src", "{471300D7-5109-4400-853D-70A47A1841A1}"
EndProject
Project("{FAE04EC0-301F-11D3-BF4B-00C04F79EFBC}") = "LicenseData", "src\LicenseData\LicenseData.csproj", "{C72A6FE7-146D-495A-8BB5-6FC73B91EF9C}"
EndProject
Project("{FAE04EC0-301F-11D3-BF4B-00C04F79EFBC}") = "LicenseLoader", "src\LicenseLoader\LicenseLoader.csproj", "{09F883D9-998E-474D-848C-B859A9D7A14C}"
EndProject
Project("{FAE04EC0-301F-11D3-BF4B-00C04F79EFBC}") = "LicenseAPI", "src\LicenseAPI\LicenseAPI.csproj", "{370CCFB4-F8D0-4282-928E-BDE156B2AE2F}"
EndProject
Global
	GlobalSection(SolutionConfigurationPlatforms) = preSolution
		Debug|Any CPU = Debug|Any CPU
		Debug|x64 = Debug|x64
		Debug|x86 = Debug|x86
		Release|Any CPU = Release|Any CPU
		Release|x64 = Release|x64
		Release|x86 = Release|x86
	EndGlobalSection
	GlobalSection(SolutionProperties) = preSolution
		HideSolutionNode = FALSE
	EndGlobalSection
	GlobalSection(ProjectConfigurationPlatforms) = postSolution
		{C72A6FE7-146D-495A-8BB5-6FC73B91EF9C}.Debug|Any CPU.ActiveCfg = Debug|Any CPU
		{C72A6FE7-146D-495A-8BB5-6FC73B91EF9C}.Debug|Any CPU.Build.0 = Debug|Any CPU
		{C72A6FE7-146D-495A-8BB5-6FC73B91EF9C}.Debug|x64.ActiveCfg = Debug|Any CPU
		{C72A6FE7-146D-495A-8BB5-6FC73B91EF9C}.Debug|x64.Build.0 = Debug|Any CPU
		{C72A6FE7-146D-495A-8BB5-6FC73B91EF9C}.Debug|x86.ActiveCfg = Debug|Any CPU
		{C72A6FE7-146D-495A-8BB5-6FC73B91EF9C}.Debug|x86.Build.0 = Debug|Any CPU
		{C72A6FE7-146D-495A-8BB5-6FC73B91EF9C}.Release|Any CPU.ActiveCfg = Release|Any CPU
		{C72A6FE7-146D-495A-8BB5-6FC73B91EF9C}.Release|Any CPU.Build.0 = Release|Any CPU
		{C72A6FE7-146D-495A-8BB5-6FC73B91EF9C}.Release|x64.ActiveCfg = Release|Any CPU
		{C72A6FE7-146D-495A-8BB5-6FC73B91EF9C}.Release|x64.Build.0 = Release|Any CPU
		{C72A6FE7-146D-495A-8BB5-6FC73B91EF9C}.Release|x86.ActiveCfg = Release|Any CPU
		{C72A6FE7-146D-495A-8BB5-6FC73B91EF9C}.Release|x86.Build.0 = Release|Any CPU
		{09F883D9-998E-474D-848C-B859A9D7A14C}.Debug|Any CPU.ActiveCfg = Debug|Any CPU
		{09F883D9-998E-474D-848C-B859A9D7A14C}.Debug|Any CPU.Build.0 = Debug|Any CPU
		{09F883D9-998E-474D-848C-B859A9D7A14C}.Debug|x64.ActiveCfg = Debug|Any CPU
		{09F883D9-998E-474D-848C-B859A9D7A14C}.Debug|x64.Build.0 = Debug|Any CPU
		{09F883D9-998E-474D-848C-B859A9D7A14C}.Debug|x86.ActiveCfg = Debug|Any CPU
		{09F883D9-998E-474D-848C-B859A9D7A14C}.Debug|x86.Build.0 = Debug|Any CPU
		{09F883D9-998E-474D-848C-B859A9D7A14C}.Release|Any CPU.ActiveCfg = Release|Any CPU
		{09F883D9-998E-474D-848C-B859A9D7A14C}.Release|Any CPU.Build.0 = Release|Any CPU
		{09F883D9-998E-474D-848C-B859A9D7A14C}.Release|x64.ActiveCfg = Release|Any CPU
		{09F883D9-998E-474D-848C-B859A9D7A14C}.Release|x64.Build.0 = Release|Any CPU
		{09F883D9-998E-474D-848C-B859A9D7A14C}.Release|x86.ActiveCfg = Release|Any CPU
		{09F883D9-998E-474D-848C-B859A9D7A14C}.Release|x86.Build.0 = Release|Any CPU
		{370CCFB4-F8D0-4282-928E-BDE156B2AE2F}.Debug|Any CPU.ActiveCfg = Debug|Any CPU
		{370CCFB4-F8D0-4282-928E-BDE156B2AE2F}.Debug|Any CPU.Build.0 = Debug|Any CPU
		{370CCFB4-F8D0-4282-928E-BDE156B2AE2F}.Debug|x64.ActiveCfg = Debug|Any CPU
		{370CCFB4-F8D0-4282-928E-BDE156B2AE2F}.Debug|x64.Build.0 = Debug|Any CPU
		{370CCFB4-F8D0-4282-928E-BDE156B2AE2F}.Debug|x86.ActiveCfg = Debug|Any CPU
		{370CCFB4-F8D0-4282-928E-BDE156B2AE2F}.Debug|x86.Build.0 = Debug|Any CPU
		{370CCFB4-F8D0-4282-928E-BDE156B2AE2F}.Release|Any CPU.ActiveCfg = Release|Any CPU
		{370CCFB4-F8D0-4282-928E-BDE156B2AE2F}.Release|Any CPU.Build.0 = Release|Any CPU
		{370CCFB4-F8D0-4282-928E-BDE156B2AE2F}.Release|x64.ActiveCfg = Release|Any CPU
		{370CCFB4-F8D0-4282-928E-BDE156B2AE2F}.Release|x64.Build.0 = Release|Any CPU
		{370CCFB4-F8D0-4282-928E-BDE156B2AE2F}.Release|x86.ActiveCfg = Release|Any CPU
		{370CCFB4-F8D0-4282-928E-BDE156B2AE2F}.Release|x86.Build.0 = Release|Any CPU
	EndGlobalSection
	GlobalSection(NestedProjects) = preSolution
		{C72A6FE7-146D-495A-8BB5-6FC73B91EF9C} = {471300D7-5109-4400-853D-70A47A1841A1}
		{09F883D9-998E-474D-848C-B859A9D7A14C} = {471300D7-5109-4400-853D-70A47A1841A1}
		{370CCFB4-F8D0-4282-928E-BDE156B2AE2F} = {471300D7-5109-4400-853D-70A47A1841A1}
	EndGlobalSection
EndGlobal
